
Microsoft Visual Studio Solution File, Format Version 12.00
# Visual Studio 15
VisualStudioVersion = 15.0.26730.16
MinimumVisualStudioVersion = 10.0.40219.1
Project("{9A19103F-16F7-4668-BE54-9A1E7A4F7556}") = "FinalProjectRegistrationGUI", "FinalProjectRegistration\FinalProjectRegistrationGUI.csproj", "{1B7EC5D2-9EF0-4800-AF35-9E95E4B8CE8C}"
EndProject
Project("{9A19103F-16F7-4668-BE54-9A1E7A4F7556}") = "FinalProjectRegistrationBLL", "FinalProjectRegistrationBLL\FinalProjectRegistrationBLL.csproj", "{2D876ADB-9FC1-4ACD-A50A-3FA44120530F}"
EndProject
Project("{9A19103F-16F7-4668-BE54-9A1E7A4F7556}") = "FinalProjectRegistrationBLLShould", "FinalProjectRegistrationBLLShould\FinalProjectRegistrationBLLShould.csproj", "{DB5EADC9-4464-427E-BAB3-E77D698510FB}"
EndProject
Project("{9A19103F-16F7-4668-BE54-9A1E7A4F7556}") = "FinalProjectRegistrationBE", "FinalProjectRegistrationBE\FinalProjectRegistrationBE.csproj", "{DE1EEE4F-5DC6-42DD-9BC7-D0CE8E8D068D}"
EndProject
Project("{FAE04EC0-301F-11D3-BF4B-00C04F79EFBC}") = "FinalProjectRegistrationDAL", "FinalProjectRegistrationDAL\FinalProjectRegistrationDAL.csproj", "{0FBE6AB6-CE48-4D46-9781-7E6D1E71F26A}"
EndProject
Global
	GlobalSection(SolutionConfigurationPlatforms) = preSolution
		Debug|Any CPU = Debug|Any CPU
		Release|Any CPU = Release|Any CPU
	EndGlobalSection
	GlobalSection(ProjectConfigurationPlatforms) = postSolution
		{1B7EC5D2-9EF0-4800-AF35-9E95E4B8CE8C}.Debug|Any CPU.ActiveCfg = Debug|Any CPU
		{1B7EC5D2-9EF0-4800-AF35-9E95E4B8CE8C}.Debug|Any CPU.Build.0 = Debug|Any CPU
		{1B7EC5D2-9EF0-4800-AF35-9E95E4B8CE8C}.Release|Any CPU.ActiveCfg = Release|Any CPU
		{1B7EC5D2-9EF0-4800-AF35-9E95E4B8CE8C}.Release|Any CPU.Build.0 = Release|Any CPU
		{2D876ADB-9FC1-4ACD-A50A-3FA44120530F}.Debug|Any CPU.ActiveCfg = Debug|Any CPU
		{2D876ADB-9FC1-4ACD-A50A-3FA44120530F}.Debug|Any CPU.Build.0 = Debug|Any CPU
		{2D876ADB-9FC1-4ACD-A50A-3FA44120530F}.Release|Any CPU.ActiveCfg = Release|Any CPU
		{2D876ADB-9FC1-4ACD-A50A-3FA44120530F}.Release|Any CPU.Build.0 = Release|Any CPU
		{DB5EADC9-4464-427E-BAB3-E77D698510FB}.Debug|Any CPU.ActiveCfg = Debug|Any CPU
		{DB5EADC9-4464-427E-BAB3-E77D698510FB}.Debug|Any CPU.Build.0 = Debug|Any CPU
		{DB5EADC9-4464-427E-BAB3-E77D698510FB}.Release|Any CPU.ActiveCfg = Release|Any CPU
		{DB5EADC9-4464-427E-BAB3-E77D698510FB}.Release|Any CPU.Build.0 = Release|Any CPU
		{DE1EEE4F-5DC6-42DD-9BC7-D0CE8E8D068D}.Debug|Any CPU.ActiveCfg = Debug|Any CPU
		{DE1EEE4F-5DC6-42DD-9BC7-D0CE8E8D068D}.Debug|Any CPU.Build.0 = Debug|Any CPU
		{DE1EEE4F-5DC6-42DD-9BC7-D0CE8E8D068D}.Release|Any CPU.ActiveCfg = Release|Any CPU
		{DE1EEE4F-5DC6-42DD-9BC7-D0CE8E8D068D}.Release|Any CPU.Build.0 = Release|Any CPU
		{0FBE6AB6-CE48-4D46-9781-7E6D1E71F26A}.Debug|Any CPU.ActiveCfg = Debug|Any CPU
		{0FBE6AB6-CE48-4D46-9781-7E6D1E71F26A}.Debug|Any CPU.Build.0 = Debug|Any CPU
		{0FBE6AB6-CE48-4D46-9781-7E6D1E71F26A}.Release|Any CPU.ActiveCfg = Release|Any CPU
		{0FBE6AB6-CE48-4D46-9781-7E6D1E71F26A}.Release|Any CPU.Build.0 = Release|Any CPU
	EndGlobalSection
	GlobalSection(SolutionProperties) = preSolution
		HideSolutionNode = FALSE
	EndGlobalSection
	GlobalSection(ExtensibilityGlobals) = postSolution
		SolutionGuid = {EC56C40E-D48B-4B8B-813C-5171FCCE89A0}
	EndGlobalSection
EndGlobal
